
Microsoft Visual Studio Solution File, Format Version 12.00
# Visual Studio 15
VisualStudioVersion = 15.0.28307.705
MinimumVisualStudioVersion = 10.0.40219.1
Project("{FAE04EC0-301F-11D3-BF4B-00C04F79EFBC}") = "AtividadeAssociacao", "AtividadeAssociacao\AtividadeAssociacao.csproj", "{E5487A62-B09B-4E67-9B93-D924B756CFD6}"
EndProject
Global
	GlobalSection(SolutionConfigurationPlatforms) = preSolution
		Debug|Any CPU = Debug|Any CPU
		Release|Any CPU = Release|Any CPU
	EndGlobalSection
	GlobalSection(ProjectConfigurationPlatforms) = postSolution
		{E5487A62-B09B-4E67-9B93-D924B756CFD6}.Debug|Any CPU.ActiveCfg = Debug|Any CPU
		{E5487A62-B09B-4E67-9B93-D924B756CFD6}.Debug|Any CPU.Build.0 = Debug|Any CPU
		{E5487A62-B09B-4E67-9B93-D924B756CFD6}.Release|Any CPU.ActiveCfg = Release|Any CPU
		{E5487A62-B09B-4E67-9B93-D924B756CFD6}.Release|Any CPU.Build.0 = Release|Any CPU
	EndGlobalSection
	GlobalSection(SolutionProperties) = preSolution
		HideSolutionNode = FALSE
	EndGlobalSection
	GlobalSection(ExtensibilityGlobals) = postSolution
		SolutionGuid = {97B21E1E-4748-4495-A91B-4DD72F9FF628}
	EndGlobalSection
EndGlobal
