
Microsoft Visual Studio Solution File, Format Version 12.00
# Visual Studio 15
VisualStudioVersion = 15.0.28307.705
MinimumVisualStudioVersion = 10.0.40219.1
Project("{FAE04EC0-301F-11D3-BF4B-00C04F79EFBC}") = "Prova_01", "Prova_01\Prova_01.csproj", "{09CDA437-ACED-4D2B-B9D2-B777137F3349}"
EndProject
Global
	GlobalSection(SolutionConfigurationPlatforms) = preSolution
		Debug|Any CPU = Debug|Any CPU
		Release|Any CPU = Release|Any CPU
	EndGlobalSection
	GlobalSection(ProjectConfigurationPlatforms) = postSolution
		{09CDA437-ACED-4D2B-B9D2-B777137F3349}.Debug|Any CPU.ActiveCfg = Debug|Any CPU
		{09CDA437-ACED-4D2B-B9D2-B777137F3349}.Debug|Any CPU.Build.0 = Debug|Any CPU
		{09CDA437-ACED-4D2B-B9D2-B777137F3349}.Release|Any CPU.ActiveCfg = Release|Any CPU
		{09CDA437-ACED-4D2B-B9D2-B777137F3349}.Release|Any CPU.Build.0 = Release|Any CPU
	EndGlobalSection
	GlobalSection(SolutionProperties) = preSolution
		HideSolutionNode = FALSE
	EndGlobalSection
	GlobalSection(ExtensibilityGlobals) = postSolution
		SolutionGuid = {2CE52241-90C2-4E7E-B01B-1992A83EF170}
	EndGlobalSection
EndGlobal
