
Microsoft Visual Studio Solution File, Format Version 12.00
# Visual Studio 14
VisualStudioVersion = 14.0.25420.1
MinimumVisualStudioVersion = 10.0.40219.1
Project("{FAE04EC0-301F-11D3-BF4B-00C04F79EFBC}") = "TrabalhoVotacao", "TrabalhoVotacao\TrabalhoVotacao.csproj", "{EF82D580-C478-4A45-A65E-53C918E1D359}"
EndProject
Global
	GlobalSection(SolutionConfigurationPlatforms) = preSolution
		Debug|Any CPU = Debug|Any CPU
		Release|Any CPU = Release|Any CPU
	EndGlobalSection
	GlobalSection(ProjectConfigurationPlatforms) = postSolution
		{EF82D580-C478-4A45-A65E-53C918E1D359}.Debug|Any CPU.ActiveCfg = Debug|Any CPU
		{EF82D580-C478-4A45-A65E-53C918E1D359}.Debug|Any CPU.Build.0 = Debug|Any CPU
		{EF82D580-C478-4A45-A65E-53C918E1D359}.Release|Any CPU.ActiveCfg = Release|Any CPU
		{EF82D580-C478-4A45-A65E-53C918E1D359}.Release|Any CPU.Build.0 = Release|Any CPU
	EndGlobalSection
	GlobalSection(SolutionProperties) = preSolution
		HideSolutionNode = FALSE
	EndGlobalSection
EndGlobal
